
Microsoft Visual Studio Solution File, Format Version 12.00
# Visual Studio Version 17
VisualStudioVersion = 17.6.33815.320
MinimumVisualStudioVersion = 10.0.40219.1
Project("{FAE04EC0-301F-11D3-BF4B-00C04F79EFBC}") = "APR", "APR\APR.csproj", "{FA5899D4-C221-451B-9F69-BA9248FF7E3D}"
EndProject
Global
	GlobalSection(SolutionConfigurationPlatforms) = preSolution
		Debug|Any CPU = Debug|Any CPU
		Release|Any CPU = Release|Any CPU
	EndGlobalSection
	GlobalSection(ProjectConfigurationPlatforms) = postSolution
		{FA5899D4-C221-451B-9F69-BA9248FF7E3D}.Debug|Any CPU.ActiveCfg = Debug|Any CPU
		{FA5899D4-C221-451B-9F69-BA9248FF7E3D}.Debug|Any CPU.Build.0 = Debug|Any CPU
		{FA5899D4-C221-451B-9F69-BA9248FF7E3D}.Release|Any CPU.ActiveCfg = Release|Any CPU
		{FA5899D4-C221-451B-9F69-BA9248FF7E3D}.Release|Any CPU.Build.0 = Release|Any CPU
	EndGlobalSection
	GlobalSection(SolutionProperties) = preSolution
		HideSolutionNode = FALSE
	EndGlobalSection
	GlobalSection(ExtensibilityGlobals) = postSolution
		SolutionGuid = {57638FF7-47D2-4A87-BB4F-D77174730459}
	EndGlobalSection
EndGlobal
